
Microsoft Visual Studio Solution File, Format Version 12.00
# Visual Studio Version 16
VisualStudioVersion = 16.0.31321.278
MinimumVisualStudioVersion = 10.0.40219.1
Project("{FAE04EC0-301F-11D3-BF4B-00C04F79EFBC}") = "MultiYoutubeViewer", "MultiYoutubeViewer\MultiYoutubeViewer.csproj", "{2DCF8869-88CD-41F0-8297-43E6F8631140}"
EndProject
Global
	GlobalSection(SolutionConfigurationPlatforms) = preSolution
		Debug|Any CPU = Debug|Any CPU
		Release|Any CPU = Release|Any CPU
	EndGlobalSection
	GlobalSection(ProjectConfigurationPlatforms) = postSolution
		{2DCF8869-88CD-41F0-8297-43E6F8631140}.Debug|Any CPU.ActiveCfg = Debug|Any CPU
		{2DCF8869-88CD-41F0-8297-43E6F8631140}.Debug|Any CPU.Build.0 = Debug|Any CPU
		{2DCF8869-88CD-41F0-8297-43E6F8631140}.Release|Any CPU.ActiveCfg = Release|Any CPU
		{2DCF8869-88CD-41F0-8297-43E6F8631140}.Release|Any CPU.Build.0 = Release|Any CPU
	EndGlobalSection
	GlobalSection(SolutionProperties) = preSolution
		HideSolutionNode = FALSE
	EndGlobalSection
	GlobalSection(ExtensibilityGlobals) = postSolution
		SolutionGuid = {243AD393-F5B5-4AC2-80DC-81648EE7AD35}
	EndGlobalSection
EndGlobal
